<?xml version="1.0" encoding="utf-8"?>
<Project ToolsVersion="4.0" xmlns="http://schemas.microsoft.com/developer/msbuild/2003">
  <ItemGroup>
    <Filter Include="Source Files">
      <UniqueIdentifier>{4FC737F1-C7A5-4376-A066-2A32D752A2FF}</UniqueIdentifier>
      <Extensions>cpp;c;cc;cxx;def;odl;idl;hpj;bat;asm;asmx</Extensions>
    </Filter>
    <Filter Include="Header Files">
      <UniqueIdentifier>{93995380-89BD-4b04-88EB-625FBE52EBFB}</UniqueIdentifier>
      <Extensions>h;hh;hpp;hxx;hm;inl;inc;xsd</Extensions>
    </Filter>
    <Filter Include="Resource Files">
      <UniqueIdentifier>{67DA6AB6-F800-4c08-8B7A-83BB121AAD01}</UniqueIdentifier>
      <Extensions>rc;ico;cur;bmp;dlg;rc2;rct;bin;rgs;gif;jpg;jpeg;jpe;resx;tiff;tif;png;wav;mfcribbon-ms</Extensions>
    </Filter>
  </ItemGroup>
  <ItemGroup>
    <None Include="LuckyBox.ino" />
  </ItemGroup>
  <ItemGroup>
    <ClInclude Include="__vm\.LuckyBox.vsarduino.h">
      <Filter>Header Files</Filter>
    </ClInclude>
    <ClInclude Include="brewing_mode.h">
      <Filter>Header Files</Filter>
    </ClInclude>
    <ClInclude Include="buzzer.h">
      <Filter>Header Files</Filter>
    </ClInclude>
    <ClInclude Include="distillation_mode.h">
      <Filter>Header Files</Filter>
    </ClInclude>
    <ClInclude Include="file_config.h">
      <Filter>Header Files</Filter>
    </ClInclude>
    <ClInclude Include="fs_config.h">
      <Filter>Header Files</Filter>
    </ClInclude>
    <ClInclude Include="heater.h">
      <Filter>Header Files</Filter>
    </ClInclude>
    <ClInclude Include="http_config.h">
      <Filter>Header Files</Filter>
    </ClInclude>
    <ClInclude Include="oled.h">
      <Filter>Header Files</Filter>
    </ClInclude>
    <ClInclude Include="pressure.h">
      <Filter>Header Files</Filter>
    </ClInclude>
    <ClInclude Include="reflux_mode.h">
      <Filter>Header Files</Filter>
    </ClInclude>
    <ClInclude Include="sensors.h">
      <Filter>Header Files</Filter>
    </ClInclude>
    <ClInclude Include="setting.h">
      <Filter>Header Files</Filter>
    </ClInclude>
    <ClInclude Include="setup.h">
      <Filter>Header Files</Filter>
    </ClInclude>
    <ClInclude Include="ssdp.h">
      <Filter>Header Files</Filter>
    </ClInclude>
    <ClInclude Include="timer_config.h">
      <Filter>Header Files</Filter>
    </ClInclude>
    <ClInclude Include="time_config.h">
      <Filter>Header Files</Filter>
    </ClInclude>
    <ClInclude Include="user_config.h">
      <Filter>Header Files</Filter>
    </ClInclude>
    <ClInclude Include="wifi_config.h">
      <Filter>Header Files</Filter>
    </ClInclude>
    <ClInclude Include="dto.h">
      <Filter>Header Files</Filter>
    </ClInclude>
  </ItemGroup>
  <ItemGroup>
    <ClCompile Include="brewing_mode.cpp">
      <Filter>Source Files</Filter>
    </ClCompile>
    <ClCompile Include="buzzer.cpp">
      <Filter>Source Files</Filter>
    </ClCompile>
    <ClCompile Include="distillation_mode.cpp">
      <Filter>Source Files</Filter>
    </ClCompile>
    <ClCompile Include="file_config.cpp">
      <Filter>Source Files</Filter>
    </ClCompile>
    <ClCompile Include="fs_config.cpp">
      <Filter>Source Files</Filter>
    </ClCompile>
    <ClCompile Include="heater.cpp">
      <Filter>Source Files</Filter>
    </ClCompile>
    <ClCompile Include="http_config.cpp">
      <Filter>Source Files</Filter>
    </ClCompile>
    <ClCompile Include="oled.cpp">
      <Filter>Source Files</Filter>
    </ClCompile>
    <ClCompile Include="pressure.cpp">
      <Filter>Source Files</Filter>
    </ClCompile>
    <ClCompile Include="reflux_mode.cpp">
      <Filter>Source Files</Filter>
    </ClCompile>
    <ClCompile Include="sensors.cpp">
      <Filter>Source Files</Filter>
    </ClCompile>
    <ClCompile Include="setting.cpp">
      <Filter>Source Files</Filter>
    </ClCompile>
    <ClCompile Include="setup.cpp">
      <Filter>Source Files</Filter>
    </ClCompile>
    <ClCompile Include="ssdp.cpp">
      <Filter>Source Files</Filter>
    </ClCompile>
    <ClCompile Include="timer_config.cpp">
      <Filter>Source Files</Filter>
    </ClCompile>
    <ClCompile Include="time_config.cpp">
      <Filter>Source Files</Filter>
    </ClCompile>
    <ClCompile Include="wifi_config.cpp">
      <Filter>Source Files</Filter>
    </ClCompile>
    <ClCompile Include="dto.cpp">
      <Filter>Source Files</Filter>
    </ClCompile>
  </ItemGroup>
</Project>