
Microsoft Visual Studio Solution File, Format Version 12.00
# Visual Studio 15
VisualStudioVersion = 15.0.27428.2005
MinimumVisualStudioVersion = 10.0.40219.1
Project("{8BC9CEB8-8B4A-11D0-8D11-00A0C91BC942}") = "LuckyBox", "LuckyBox.vcxproj", "{C5F80730-F44F-4478-BDAE-6634EFC2CA88}"
EndProject
Project("{E24C65DC-7377-472B-9ABA-BC803B73C61A}") = "project_data", "project_data\", "{0C03E8E0-29E2-46B6-883A-8DAB9ADD8DC7}"
	ProjectSection(WebsiteProperties) = preProject
		TargetFrameworkMoniker = ".NETFramework,Version%3Dv4.0"
		Debug.AspNetCompiler.VirtualPath = "/localhost_12958"
		Debug.AspNetCompiler.PhysicalPath = "project_data\"
		Debug.AspNetCompiler.TargetPath = "PrecompiledWeb\localhost_12958\"
		Debug.AspNetCompiler.Updateable = "true"
		Debug.AspNetCompiler.ForceOverwrite = "true"
		Debug.AspNetCompiler.FixedNames = "false"
		Debug.AspNetCompiler.Debug = "True"
		Release.AspNetCompiler.VirtualPath = "/localhost_12958"
		Release.AspNetCompiler.PhysicalPath = "project_data\"
		Release.AspNetCompiler.TargetPath = "PrecompiledWeb\localhost_12958\"
		Release.AspNetCompiler.Updateable = "true"
		Release.AspNetCompiler.ForceOverwrite = "true"
		Release.AspNetCompiler.FixedNames = "false"
		Release.AspNetCompiler.Debug = "False"
		VWDPort = "12958"
		SlnRelativePath = "project_data\"
	EndProjectSection
EndProject
Global
	GlobalSection(SolutionConfigurationPlatforms) = preSolution
		Debug|Any CPU = Debug|Any CPU
		Debug|x86 = Debug|x86
		Release|Any CPU = Release|Any CPU
		Release|x86 = Release|x86
	EndGlobalSection
	GlobalSection(ProjectConfigurationPlatforms) = postSolution
		{C5F80730-F44F-4478-BDAE-6634EFC2CA88}.Debug|Any CPU.ActiveCfg = Debug|Win32
		{C5F80730-F44F-4478-BDAE-6634EFC2CA88}.Debug|x86.ActiveCfg = Debug|Win32
		{C5F80730-F44F-4478-BDAE-6634EFC2CA88}.Debug|x86.Build.0 = Debug|Win32
		{C5F80730-F44F-4478-BDAE-6634EFC2CA88}.Release|Any CPU.ActiveCfg = Release|Win32
		{C5F80730-F44F-4478-BDAE-6634EFC2CA88}.Release|x86.ActiveCfg = Release|Win32
		{C5F80730-F44F-4478-BDAE-6634EFC2CA88}.Release|x86.Build.0 = Release|Win32
		{0C03E8E0-29E2-46B6-883A-8DAB9ADD8DC7}.Debug|Any CPU.ActiveCfg = Debug|Any CPU
		{0C03E8E0-29E2-46B6-883A-8DAB9ADD8DC7}.Debug|Any CPU.Build.0 = Debug|Any CPU
		{0C03E8E0-29E2-46B6-883A-8DAB9ADD8DC7}.Debug|x86.ActiveCfg = Debug|Any CPU
		{0C03E8E0-29E2-46B6-883A-8DAB9ADD8DC7}.Debug|x86.Build.0 = Debug|Any CPU
		{0C03E8E0-29E2-46B6-883A-8DAB9ADD8DC7}.Release|Any CPU.ActiveCfg = Debug|Any CPU
		{0C03E8E0-29E2-46B6-883A-8DAB9ADD8DC7}.Release|Any CPU.Build.0 = Debug|Any CPU
		{0C03E8E0-29E2-46B6-883A-8DAB9ADD8DC7}.Release|x86.ActiveCfg = Debug|Any CPU
		{0C03E8E0-29E2-46B6-883A-8DAB9ADD8DC7}.Release|x86.Build.0 = Debug|Any CPU
	EndGlobalSection
	GlobalSection(SolutionProperties) = preSolution
		HideSolutionNode = FALSE
	EndGlobalSection
	GlobalSection(ExtensibilityGlobals) = postSolution
		SolutionGuid = {F55DAACF-8FDD-4B3F-9236-03807AA89726}
	EndGlobalSection
EndGlobal
